<?xml version="1.0" encoding="utf-8"?>
<Project ToolsVersion="4.0" xmlns="http://schemas.microsoft.com/developer/msbuild/2003">
  <ItemGroup>
    <Filter Include="源文件">
      <UniqueIdentifier>{4FC737F1-C7A5-4376-A066-2A32D752A2FF}</UniqueIdentifier>
      <Extensions>cpp;c;cc;cxx;def;odl;idl;hpj;bat;asm;asmx</Extensions>
    </Filter>
    <Filter Include="头文件">
      <UniqueIdentifier>{93995380-89BD-4b04-88EB-625FBE52EBFB}</UniqueIdentifier>
      <Extensions>h;hh;hpp;hxx;hm;inl;inc;ipp;xsd</Extensions>
    </Filter>
    <Filter Include="资源文件">
      <UniqueIdentifier>{67DA6AB6-F800-4c08-8B7A-83BB121AAD01}</UniqueIdentifier>
      <Extensions>rc;ico;cur;bmp;dlg;rc2;rct;bin;rgs;gif;jpg;jpeg;jpe;resx;tiff;tif;png;wav;mfcribbon-ms</Extensions>
    </Filter>
    <Filter Include="源文件\Ch01">
      <UniqueIdentifier>{4c4afa9c-cfd8-4fe2-834a-9442ff185cdf}</UniqueIdentifier>
    </Filter>
    <Filter Include="源文件\Ch02">
      <UniqueIdentifier>{e1840b5a-44ff-4f43-a5d5-b53536aada97}</UniqueIdentifier>
    </Filter>
    <Filter Include="源文件\Ch03">
      <UniqueIdentifier>{8cd73f41-ab44-4256-85a0-312699909e66}</UniqueIdentifier>
    </Filter>
  </ItemGroup>
  <ItemGroup>
    <ClCompile Include="Hello.cpp">
      <Filter>源文件\Ch01</Filter>
    </ClCompile>
    <ClCompile Include="typeChangecpp.cpp">
      <Filter>源文件\Ch02</Filter>
    </ClCompile>
    <ClCompile Include="StringTest.cpp">
      <Filter>源文件\Ch03</Filter>
    </ClCompile>
    <ClCompile Include="VectorTest.cpp">
      <Filter>源文件\Ch03</Filter>
    </ClCompile>
    <ClCompile Include="IteratorTest.cpp">
      <Filter>源文件\Ch03</Filter>
    </ClCompile>
    <ClCompile Include="ArrayTest.cpp">
      <Filter>源文件\Ch03</Filter>
    </ClCompile>
  </ItemGroup>
</Project>